
Microsoft Visual Studio Solution File, Format Version 12.00
# Visual Studio Version 16
VisualStudioVersion = 16.0.29123.89
MinimumVisualStudioVersion = 10.0.40219.1
Project("{FAE04EC0-301F-11D3-BF4B-00C04F79EFBC}") = "RoundedForm", "RoundedForm\RoundedForm.csproj", "{567AEE19-E592-41CD-8A20-FA675F63C451}"
EndProject
Global
	GlobalSection(SolutionConfigurationPlatforms) = preSolution
		Debug|Any CPU = Debug|Any CPU
		Release|Any CPU = Release|Any CPU
	EndGlobalSection
	GlobalSection(ProjectConfigurationPlatforms) = postSolution
		{567AEE19-E592-41CD-8A20-FA675F63C451}.Debug|Any CPU.ActiveCfg = Debug|Any CPU
		{567AEE19-E592-41CD-8A20-FA675F63C451}.Debug|Any CPU.Build.0 = Debug|Any CPU
		{567AEE19-E592-41CD-8A20-FA675F63C451}.Release|Any CPU.ActiveCfg = Release|Any CPU
		{567AEE19-E592-41CD-8A20-FA675F63C451}.Release|Any CPU.Build.0 = Release|Any CPU
	EndGlobalSection
	GlobalSection(SolutionProperties) = preSolution
		HideSolutionNode = FALSE
	EndGlobalSection
	GlobalSection(ExtensibilityGlobals) = postSolution
		SolutionGuid = {C9366162-A936-49D3-B1E6-B0FF7CC406C0}
	EndGlobalSection
EndGlobal
